
Microsoft Visual Studio Solution File, Format Version 12.00
# Visual Studio Version 17
VisualStudioVersion = 17.4.33205.214
MinimumVisualStudioVersion = 10.0.40219.1
Project("{FAE04EC0-301F-11D3-BF4B-00C04F79EFBC}") = "Operator  overloading, Collections", "Operator  overloading, Collections\Operator  overloading, Collections.csproj", "{FB6B1885-A3E0-4DF8-AFBE-4B6FC7A6B37E}"
EndProject
Project("{FAE04EC0-301F-11D3-BF4B-00C04F79EFBC}") = "DomainLayer", "DomainLayer\DomainLayer.csproj", "{0C6DC86B-34E6-496C-875B-F7EA144079F2}"
EndProject
Project("{FAE04EC0-301F-11D3-BF4B-00C04F79EFBC}") = "ServiceLayer", "ServiceLayer\ServiceLayer.csproj", "{D1D70162-2D57-4317-966F-7D331F9755B9}"
EndProject
Global
	GlobalSection(SolutionConfigurationPlatforms) = preSolution
		Debug|Any CPU = Debug|Any CPU
		Release|Any CPU = Release|Any CPU
	EndGlobalSection
	GlobalSection(ProjectConfigurationPlatforms) = postSolution
		{FB6B1885-A3E0-4DF8-AFBE-4B6FC7A6B37E}.Debug|Any CPU.ActiveCfg = Debug|Any CPU
		{FB6B1885-A3E0-4DF8-AFBE-4B6FC7A6B37E}.Debug|Any CPU.Build.0 = Debug|Any CPU
		{FB6B1885-A3E0-4DF8-AFBE-4B6FC7A6B37E}.Release|Any CPU.ActiveCfg = Release|Any CPU
		{FB6B1885-A3E0-4DF8-AFBE-4B6FC7A6B37E}.Release|Any CPU.Build.0 = Release|Any CPU
		{0C6DC86B-34E6-496C-875B-F7EA144079F2}.Debug|Any CPU.ActiveCfg = Debug|Any CPU
		{0C6DC86B-34E6-496C-875B-F7EA144079F2}.Debug|Any CPU.Build.0 = Debug|Any CPU
		{0C6DC86B-34E6-496C-875B-F7EA144079F2}.Release|Any CPU.ActiveCfg = Release|Any CPU
		{0C6DC86B-34E6-496C-875B-F7EA144079F2}.Release|Any CPU.Build.0 = Release|Any CPU
		{D1D70162-2D57-4317-966F-7D331F9755B9}.Debug|Any CPU.ActiveCfg = Debug|Any CPU
		{D1D70162-2D57-4317-966F-7D331F9755B9}.Debug|Any CPU.Build.0 = Debug|Any CPU
		{D1D70162-2D57-4317-966F-7D331F9755B9}.Release|Any CPU.ActiveCfg = Release|Any CPU
		{D1D70162-2D57-4317-966F-7D331F9755B9}.Release|Any CPU.Build.0 = Release|Any CPU
	EndGlobalSection
	GlobalSection(SolutionProperties) = preSolution
		HideSolutionNode = FALSE
	EndGlobalSection
	GlobalSection(ExtensibilityGlobals) = postSolution
		SolutionGuid = {6E9BD1E8-6DDD-41EA-A2F5-D2EB1A4E68E0}
	EndGlobalSection
EndGlobal
